
Microsoft Visual Studio Solution File, Format Version 12.00
# Visual Studio 15
VisualStudioVersion = 15.0.26730.3
MinimumVisualStudioVersion = 10.0.40219.1
Project("{FAE04EC0-301F-11D3-BF4B-00C04F79EFBC}") = "Elkhart", "Elkhart\Elkhart.csproj", "{C39639F6-CEDA-4254-8B88-9C3B839B96E6}"
EndProject
Project("{FAE04EC0-301F-11D3-BF4B-00C04F79EFBC}") = "Elkhart.Tests", "Elkhart.Tests\Elkhart.Tests.csproj", "{A8676088-B22F-4494-B2C3-0477ECC0B7A9}"
EndProject
Project("{FAE04EC0-301F-11D3-BF4B-00C04F79EFBC}") = "Elkhart.Core", "Elkhart.Core\Elkhart.Core.csproj", "{BD5E0980-B934-40B7-B6AA-CAD65040661A}"
EndProject
Global
	GlobalSection(SolutionConfigurationPlatforms) = preSolution
		Debug|Any CPU = Debug|Any CPU
		Release|Any CPU = Release|Any CPU
	EndGlobalSection
	GlobalSection(ProjectConfigurationPlatforms) = postSolution
		{C39639F6-CEDA-4254-8B88-9C3B839B96E6}.Debug|Any CPU.ActiveCfg = Debug|Any CPU
		{C39639F6-CEDA-4254-8B88-9C3B839B96E6}.Debug|Any CPU.Build.0 = Debug|Any CPU
		{C39639F6-CEDA-4254-8B88-9C3B839B96E6}.Release|Any CPU.ActiveCfg = Release|Any CPU
		{C39639F6-CEDA-4254-8B88-9C3B839B96E6}.Release|Any CPU.Build.0 = Release|Any CPU
		{A8676088-B22F-4494-B2C3-0477ECC0B7A9}.Debug|Any CPU.ActiveCfg = Debug|Any CPU
		{A8676088-B22F-4494-B2C3-0477ECC0B7A9}.Debug|Any CPU.Build.0 = Debug|Any CPU
		{A8676088-B22F-4494-B2C3-0477ECC0B7A9}.Release|Any CPU.ActiveCfg = Release|Any CPU
		{A8676088-B22F-4494-B2C3-0477ECC0B7A9}.Release|Any CPU.Build.0 = Release|Any CPU
		{BD5E0980-B934-40B7-B6AA-CAD65040661A}.Debug|Any CPU.ActiveCfg = Debug|Any CPU
		{BD5E0980-B934-40B7-B6AA-CAD65040661A}.Debug|Any CPU.Build.0 = Debug|Any CPU
		{BD5E0980-B934-40B7-B6AA-CAD65040661A}.Release|Any CPU.ActiveCfg = Release|Any CPU
		{BD5E0980-B934-40B7-B6AA-CAD65040661A}.Release|Any CPU.Build.0 = Release|Any CPU
	EndGlobalSection
	GlobalSection(SolutionProperties) = preSolution
		HideSolutionNode = FALSE
	EndGlobalSection
	GlobalSection(ExtensibilityGlobals) = postSolution
		SolutionGuid = {44911FA3-8917-431F-B915-CAD1019CAF2C}
	EndGlobalSection
EndGlobal
